
Microsoft Visual Studio Solution File, Format Version 12.00
# Visual Studio 2013
VisualStudioVersion = 12.0.31101.0
MinimumVisualStudioVersion = 10.0.40219.1
Project("{FAE04EC0-301F-11D3-BF4B-00C04F79EFBC}") = "ToDoWebApp", "ToDoWebApp\ToDoWebApp.csproj", "{A0942875-69EE-405D-B497-D90205564ACC}"
EndProject
Project("{2150E333-8FDC-42A3-9474-1A3956D46DE8}") = "PublishScripts", "PublishScripts", "{FA99022B-6FF6-4035-B3DA-6E3957327D23}"
	ProjectSection(SolutionItems) = preProject
		PublishScripts\AzureWebsitePublishModule.psm1 = PublishScripts\AzureWebsitePublishModule.psm1
		PublishScripts\Publish-WebApplicationWebsite.ps1 = PublishScripts\Publish-WebApplicationWebsite.ps1
	EndProjectSection
EndProject
Project("{2150E333-8FDC-42A3-9474-1A3956D46DE8}") = "Configurations", "Configurations", "{1A9D3C17-102F-4C2C-961D-9C395D309368}"
	ProjectSection(SolutionItems) = preProject
		PublishScripts\Configurations\ToDoWebApp-WAWS-dev.json = PublishScripts\Configurations\ToDoWebApp-WAWS-dev.json
	EndProjectSection
EndProject
Global
	GlobalSection(SolutionConfigurationPlatforms) = preSolution
		Debug|Any CPU = Debug|Any CPU
		Release|Any CPU = Release|Any CPU
	EndGlobalSection
	GlobalSection(ProjectConfigurationPlatforms) = postSolution
		{A0942875-69EE-405D-B497-D90205564ACC}.Debug|Any CPU.ActiveCfg = Debug|Any CPU
		{A0942875-69EE-405D-B497-D90205564ACC}.Debug|Any CPU.Build.0 = Debug|Any CPU
		{A0942875-69EE-405D-B497-D90205564ACC}.Release|Any CPU.ActiveCfg = Release|Any CPU
		{A0942875-69EE-405D-B497-D90205564ACC}.Release|Any CPU.Build.0 = Release|Any CPU
	EndGlobalSection
	GlobalSection(SolutionProperties) = preSolution
		HideSolutionNode = FALSE
	EndGlobalSection
	GlobalSection(NestedProjects) = preSolution
		{1A9D3C17-102F-4C2C-961D-9C395D309368} = {FA99022B-6FF6-4035-B3DA-6E3957327D23}
	EndGlobalSection
EndGlobal
